{
  "originHash" : "6b9d28141eef0adbb5e05a9a0af8151e486ebcb78d15f12b368c16a5b7e52f3d",
  "pins" : [
    {
      "identity" : "trustlesssdk",
      "kind" : "remoteSourceControl",
      "location" : "https://github.com/staqio/TrustlessSDK",
      "state" : {
        "revision" : "8826909475fc6bfe9d573eae17343d77950f96a6",
        "version" : "0.3.1"
      }
    }
  ],
  "version" : 3
}
