{
  "originHash" : "5e417a7b9cff235ea7cfaafeca824395cd7db777fe60db879a25c62768cbe1a3",
  "pins" : [
    {
      "identity" : "trustlesssdk",
      "kind" : "remoteSourceControl",
      "location" : "https://github.com/staqio/TrustlessSDK",
      "state" : {
        "branch" : "feat/dev-finlab",
        "revision" : "9ebd0c3dd76f3607705f519442d854a825ed3c35"
      }
    }
  ],
  "version" : 3
}
